// !$*UTF8*$!
{
	archiveVersion = 1;
	classes = {
	};
	objectVersion = 48;
	objects = {

/* Begin PBXBuildFile section */
		5A1BE90B2002BA25005AFE29 /* Charts.framework in Frameworks */ = {isa = PBXBuildFile; fileRef = 5AB60B5520005560004B239E /* Charts.framework */; };
		5A2A2F931FECB45200204A37 /* AppDelegate.swift in Sources */ = {isa = PBXBuildFile; fileRef = 5A2A2F921FECB45200204A37 /* AppDelegate.swift */; };
		5A2A2F951FECB45200204A37 /* ExerciseTableVC.swift in Sources */ = {isa = PBXBuildFile; fileRef = 5A2A2F941FECB45200204A37 /* ExerciseTableVC.swift */; };
		5A2A2F981FECB45200204A37 /* Main.storyboard in Resources */ = {isa = PBXBuildFile; fileRef = 5A2A2F961FECB45200204A37 /* Main.storyboard */; };
		5A2A2F9A1FECB45200204A37 /* Assets.xcassets in Resources */ = {isa = PBXBuildFile; fileRef = 5A2A2F991FECB45200204A37 /* Assets.xcassets */; };
		5A2A2F9D1FECB45200204A37 /* LaunchScreen.storyboard in Resources */ = {isa = PBXBuildFile; fileRef = 5A2A2F9B1FECB45200204A37 /* LaunchScreen.storyboard */; };
		5A2A2FB31FECB5EB00204A37 /* ExerciseTileView.xib in Resources */ = {isa = PBXBuildFile; fileRef = 5A2A2FB21FECB5EB00204A37 /* ExerciseTileView.xib */; };
		5A2A2FB51FECB60C00204A37 /* ExerciseTileView.swift in Sources */ = {isa = PBXBuildFile; fileRef = 5A2A2FB41FECB60C00204A37 /* ExerciseTileView.swift */; };
		5A2A2FB71FECBB2000204A37 /* workoutData.txt in Resources */ = {isa = PBXBuildFile; fileRef = 5A2A2FB61FECBB2000204A37 /* workoutData.txt */; };
		5A2A2FB91FECBB5A00204A37 /* DataManager.swift in Sources */ = {isa = PBXBuildFile; fileRef = 5A2A2FB81FECBB5A00204A37 /* DataManager.swift */; };
		5A2A2FBB1FECBDF400204A37 /* Exercise.swift in Sources */ = {isa = PBXBuildFile; fileRef = 5A2A2FBA1FECBDF400204A37 /* Exercise.swift */; };
		5A5CBB351FF97D86001B264B /* ExerciseDetailVC.swift in Sources */ = {isa = PBXBuildFile; fileRef = 5A5CBB341FF97D86001B264B /* ExerciseDetailVC.swift */; };
		5A5CBB371FF9AB2A001B264B /* ExerciseTableCell.swift in Sources */ = {isa = PBXBuildFile; fileRef = 5A5CBB361FF9AB2A001B264B /* ExerciseTableCell.swift */; };
		5A5CBB3A1FF9F794001B264B /* BaseReusableXibView.swift in Sources */ = {isa = PBXBuildFile; fileRef = 5A5CBB391FF9F794001B264B /* BaseReusableXibView.swift */; };
		5A5CBB3C1FFA16EE001B264B /* DataManagerTest.swift in Sources */ = {isa = PBXBuildFile; fileRef = 5A5CBB3B1FFA16EE001B264B /* DataManagerTest.swift */; };
		5A5CBB3E1FFA1705001B264B /* workoutDataTest.txt in Resources */ = {isa = PBXBuildFile; fileRef = 5A5CBB3D1FFA1705001B264B /* workoutDataTest.txt */; };
		5A5CBB3F1FFA177E001B264B /* DataManager.swift in Sources */ = {isa = PBXBuildFile; fileRef = 5A2A2FB81FECBB5A00204A37 /* DataManager.swift */; };
		5A5CBB401FFA1A52001B264B /* Exercise.swift in Sources */ = {isa = PBXBuildFile; fileRef = 5A2A2FBA1FECBDF400204A37 /* Exercise.swift */; };
		5A5CBB441FFC7D04001B264B /* ExerciseTest.swift in Sources */ = {isa = PBXBuildFile; fileRef = 5A5CBB431FFC7D04001B264B /* ExerciseTest.swift */; };
		5AB60B542000522D004B239E /* ChartView.swift in Sources */ = {isa = PBXBuildFile; fileRef = 5AB60B532000522D004B239E /* ChartView.swift */; };
		5AB60B5620005560004B239E /* Charts.framework in Frameworks */ = {isa = PBXBuildFile; fileRef = 5AB60B5520005560004B239E /* Charts.framework */; };
		5AB60B5720005560004B239E /* Charts.framework in Embed Frameworks */ = {isa = PBXBuildFile; fileRef = 5AB60B5520005560004B239E /* Charts.framework */; settings = {ATTRIBUTES = (CodeSignOnCopy, RemoveHeadersOnCopy, ); }; };
		5AB60B5920005A3A004B239E /* ChartViewTests.swift in Sources */ = {isa = PBXBuildFile; fileRef = 5AB60B5820005A3A004B239E /* ChartViewTests.swift */; };
		5AB60B5B20005AC1004B239E /* TestExerciseFactory.swift in Sources */ = {isa = PBXBuildFile; fileRef = 5AB60B5A20005AC1004B239E /* TestExerciseFactory.swift */; };
		5AB60B5C2002AB3D004B239E /* ChartView.swift in Sources */ = {isa = PBXBuildFile; fileRef = 5AB60B532000522D004B239E /* ChartView.swift */; };
/* End PBXBuildFile section */

/* Begin PBXContainerItemProxy section */
		5A2A2FA41FECB45200204A37 /* PBXContainerItemProxy */ = {
			isa = PBXContainerItemProxy;
			containerPortal = 5A2A2F871FECB45200204A37 /* Project object */;
			proxyType = 1;
			remoteGlobalIDString = 5A2A2F8E1FECB45200204A37;
			remoteInfo = "FitBod-CodingSample-SadieContini";
		};
/* End PBXContainerItemProxy section */

/* Begin PBXCopyFilesBuildPhase section */
		5AB60B50200047A8004B239E /* Embed Frameworks */ = {
			isa = PBXCopyFilesBuildPhase;
			buildActionMask = 2147483647;
			dstPath = "";
			dstSubfolderSpec = 10;
			files = (
				5AB60B5720005560004B239E /* Charts.framework in Embed Frameworks */,
			);
			name = "Embed Frameworks";
			runOnlyForDeploymentPostprocessing = 0;
		};
/* End PBXCopyFilesBuildPhase section */

/* Begin PBXFileReference section */
		5A2A2F8F1FECB45200204A37 /* FitBod-CodingSample-SadieContini.app */ = {isa = PBXFileReference; explicitFileType = wrapper.application; includeInIndex = 0; path = "FitBod-CodingSample-SadieContini.app"; sourceTree = BUILT_PRODUCTS_DIR; };
		5A2A2F921FECB45200204A37 /* AppDelegate.swift */ = {isa = PBXFileReference; lastKnownFileType = sourcecode.swift; path = AppDelegate.swift; sourceTree = "<group>"; };
		5A2A2F941FECB45200204A37 /* ExerciseTableVC.swift */ = {isa = PBXFileReference; lastKnownFileType = sourcecode.swift; path = ExerciseTableVC.swift; sourceTree = "<group>"; };
		5A2A2F971FECB45200204A37 /* Base */ = {isa = PBXFileReference; lastKnownFileType = file.storyboard; name = Base; path = Base.lproj/Main.storyboard; sourceTree = "<group>"; };
		5A2A2F991FECB45200204A37 /* Assets.xcassets */ = {isa = PBXFileReference; lastKnownFileType = folder.assetcatalog; path = Assets.xcassets; sourceTree = "<group>"; };
		5A2A2F9C1FECB45200204A37 /* Base */ = {isa = PBXFileReference; lastKnownFileType = file.storyboard; name = Base; path = Base.lproj/LaunchScreen.storyboard; sourceTree = "<group>"; };
		5A2A2F9E1FECB45200204A37 /* Info.plist */ = {isa = PBXFileReference; lastKnownFileType = text.plist.xml; path = Info.plist; sourceTree = "<group>"; };
		5A2A2FA31FECB45200204A37 /* FitBod-CodingSample-SadieContiniTests.xctest */ = {isa = PBXFileReference; explicitFileType = wrapper.cfbundle; includeInIndex = 0; path = "FitBod-CodingSample-SadieContiniTests.xctest"; sourceTree = BUILT_PRODUCTS_DIR; };
		5A2A2FA91FECB45200204A37 /* Info.plist */ = {isa = PBXFileReference; lastKnownFileType = text.plist.xml; path = Info.plist; sourceTree = "<group>"; };
		5A2A2FB21FECB5EB00204A37 /* ExerciseTileView.xib */ = {isa = PBXFileReference; lastKnownFileType = file.xib; path = ExerciseTileView.xib; sourceTree = "<group>"; };
		5A2A2FB41FECB60C00204A37 /* ExerciseTileView.swift */ = {isa = PBXFileReference; lastKnownFileType = sourcecode.swift; path = ExerciseTileView.swift; sourceTree = "<group>"; };
		5A2A2FB61FECBB2000204A37 /* workoutData.txt */ = {isa = PBXFileReference; lastKnownFileType = text; path = workoutData.txt; sourceTree = "<group>"; };
		5A2A2FB81FECBB5A00204A37 /* DataManager.swift */ = {isa = PBXFileReference; lastKnownFileType = sourcecode.swift; path = DataManager.swift; sourceTree = "<group>"; };
		5A2A2FBA1FECBDF400204A37 /* Exercise.swift */ = {isa = PBXFileReference; lastKnownFileType = sourcecode.swift; path = Exercise.swift; sourceTree = "<group>"; };
		5A5CBB341FF97D86001B264B /* ExerciseDetailVC.swift */ = {isa = PBXFileReference; lastKnownFileType = sourcecode.swift; path = ExerciseDetailVC.swift; sourceTree = "<group>"; };
		5A5CBB361FF9AB2A001B264B /* ExerciseTableCell.swift */ = {isa = PBXFileReference; lastKnownFileType = sourcecode.swift; path = ExerciseTableCell.swift; sourceTree = "<group>"; };
		5A5CBB391FF9F794001B264B /* BaseReusableXibView.swift */ = {isa = PBXFileReference; lastKnownFileType = sourcecode.swift; path = BaseReusableXibView.swift; sourceTree = "<group>"; };
		5A5CBB3B1FFA16EE001B264B /* DataManagerTest.swift */ = {isa = PBXFileReference; lastKnownFileType = sourcecode.swift; path = DataManagerTest.swift; sourceTree = "<group>"; };
		5A5CBB3D1FFA1705001B264B /* workoutDataTest.txt */ = {isa = PBXFileReference; fileEncoding = 4; lastKnownFileType = text; path = workoutDataTest.txt; sourceTree = "<group>"; };
		5A5CBB431FFC7D04001B264B /* ExerciseTest.swift */ = {isa = PBXFileReference; lastKnownFileType = sourcecode.swift; path = ExerciseTest.swift; sourceTree = "<group>"; };
		5AB60B532000522D004B239E /* ChartView.swift */ = {isa = PBXFileReference; lastKnownFileType = sourcecode.swift; path = ChartView.swift; sourceTree = "<group>"; };
		5AB60B5520005560004B239E /* Charts.framework */ = {isa = PBXFileReference; lastKnownFileType = wrapper.framework; name = Charts.framework; path = Carthage/Build/iOS/Charts.framework; sourceTree = "<group>"; };
		5AB60B5820005A3A004B239E /* ChartViewTests.swift */ = {isa = PBXFileReference; lastKnownFileType = sourcecode.swift; path = ChartViewTests.swift; sourceTree = "<group>"; };
		5AB60B5A20005AC1004B239E /* TestExerciseFactory.swift */ = {isa = PBXFileReference; lastKnownFileType = sourcecode.swift; path = TestExerciseFactory.swift; sourceTree = "<group>"; };
/* End PBXFileReference section */

/* Begin PBXFrameworksBuildPhase section */
		5A2A2F8C1FECB45200204A37 /* Frameworks */ = {
			isa = PBXFrameworksBuildPhase;
			buildActionMask = 2147483647;
			files = (
				5AB60B5620005560004B239E /* Charts.framework in Frameworks */,
			);
			runOnlyForDeploymentPostprocessing = 0;
		};
		5A2A2FA01FECB45200204A37 /* Frameworks */ = {
			isa = PBXFrameworksBuildPhase;
			buildActionMask = 2147483647;
			files = (
				5A1BE90B2002BA25005AFE29 /* Charts.framework in Frameworks */,
			);
			runOnlyForDeploymentPostprocessing = 0;
		};
/* End PBXFrameworksBuildPhase section */

/* Begin PBXGroup section */
		5A1BE90A2002BA25005AFE29 /* Frameworks */ = {
			isa = PBXGroup;
			children = (
			);
			name = Frameworks;
			sourceTree = "<group>";
		};
		5A1BE90D2002CA70005AFE29 /* Exercise Chart */ = {
			isa = PBXGroup;
			children = (
				5AB60B532000522D004B239E /* ChartView.swift */,
				5AB60B5820005A3A004B239E /* ChartViewTests.swift */,
			);
			path = "Exercise Chart";
			sourceTree = "<group>";
		};
		5A1BE90E2002CA82005AFE29 /* Exercise Tile */ = {
			isa = PBXGroup;
			children = (
				5A2A2FB41FECB60C00204A37 /* ExerciseTileView.swift */,
				5A2A2FB21FECB5EB00204A37 /* ExerciseTileView.xib */,
				5A5CBB391FF9F794001B264B /* BaseReusableXibView.swift */,
			);
			path = "Exercise Tile";
			sourceTree = "<group>";
		};
		5A2A2F861FECB45200204A37 = {
			isa = PBXGroup;
			children = (
				5AB60B5520005560004B239E /* Charts.framework */,
				5A2A2F911FECB45200204A37 /* FitBod-CodingSample-SadieContini */,
				5A2A2FA61FECB45200204A37 /* FitBod-CodingSample-SadieContiniTests */,
				5A2A2F901FECB45200204A37 /* Products */,
				5A1BE90A2002BA25005AFE29 /* Frameworks */,
			);
			sourceTree = "<group>";
		};
		5A2A2F901FECB45200204A37 /* Products */ = {
			isa = PBXGroup;
			children = (
				5A2A2F8F1FECB45200204A37 /* FitBod-CodingSample-SadieContini.app */,
				5A2A2FA31FECB45200204A37 /* FitBod-CodingSample-SadieContiniTests.xctest */,
			);
			name = Products;
			sourceTree = "<group>";
		};
		5A2A2F911FECB45200204A37 /* FitBod-CodingSample-SadieContini */ = {
			isa = PBXGroup;
			children = (
				5A2A2F921FECB45200204A37 /* AppDelegate.swift */,
				5A2A2F961FECB45200204A37 /* Main.storyboard */,
				5A2A2F991FECB45200204A37 /* Assets.xcassets */,
				5A2A2F9E1FECB45200204A37 /* Info.plist */,
				5A2A2F9B1FECB45200204A37 /* LaunchScreen.storyboard */,
				5A5CBB381FF9D9A7001B264B /* View */,
				5A5CBB411FFA1CC7001B264B /* Data */,
				5A5CBB421FFC3E40001B264B /* Model */,
			);
			path = "FitBod-CodingSample-SadieContini";
			sourceTree = "<group>";
		};
		5A2A2FA61FECB45200204A37 /* FitBod-CodingSample-SadieContiniTests */ = {
			isa = PBXGroup;
			children = (
				5A2A2FA91FECB45200204A37 /* Info.plist */,
				5AB60B5A20005AC1004B239E /* TestExerciseFactory.swift */,
			);
			path = "FitBod-CodingSample-SadieContiniTests";
			sourceTree = "<group>";
		};
		5A5CBB381FF9D9A7001B264B /* View */ = {
			isa = PBXGroup;
			children = (
				5A2A2F941FECB45200204A37 /* ExerciseTableVC.swift */,
				5A5CBB361FF9AB2A001B264B /* ExerciseTableCell.swift */,
				5A5CBB341FF97D86001B264B /* ExerciseDetailVC.swift */,
				5A1BE90E2002CA82005AFE29 /* Exercise Tile */,
				5A1BE90D2002CA70005AFE29 /* Exercise Chart */,
			);
			path = View;
			sourceTree = "<group>";
		};
		5A5CBB411FFA1CC7001B264B /* Data */ = {
			isa = PBXGroup;
			children = (
				5A2A2FB81FECBB5A00204A37 /* DataManager.swift */,
				5A5CBB3B1FFA16EE001B264B /* DataManagerTest.swift */,
				5A2A2FB61FECBB2000204A37 /* workoutData.txt */,
				5A5CBB3D1FFA1705001B264B /* workoutDataTest.txt */,
			);
			path = Data;
			sourceTree = "<group>";
		};
		5A5CBB421FFC3E40001B264B /* Model */ = {
			isa = PBXGroup;
			children = (
				5A2A2FBA1FECBDF400204A37 /* Exercise.swift */,
				5A5CBB431FFC7D04001B264B /* ExerciseTest.swift */,
			);
			path = Model;
			sourceTree = "<group>";
		};
/* End PBXGroup section */

/* Begin PBXNativeTarget section */
		5A2A2F8E1FECB45200204A37 /* FitBod-CodingSample-SadieContini */ = {
			isa = PBXNativeTarget;
			buildConfigurationList = 5A2A2FAC1FECB45200204A37 /* Build configuration list for PBXNativeTarget "FitBod-CodingSample-SadieContini" */;
			buildPhases = (
				5A2A2F8B1FECB45200204A37 /* Sources */,
				5A2A2F8C1FECB45200204A37 /* Frameworks */,
				5A2A2F8D1FECB45200204A37 /* Resources */,
				5AB60B50200047A8004B239E /* Embed Frameworks */,
				5AB60B51200047C5004B239E /* ShellScript */,
			);
			buildRules = (
			);
			dependencies = (
			);
			name = "FitBod-CodingSample-SadieContini";
			productName = "FitBod-CodingSample-SadieContini";
			productReference = 5A2A2F8F1FECB45200204A37 /* FitBod-CodingSample-SadieContini.app */;
			productType = "com.apple.product-type.application";
		};
		5A2A2FA21FECB45200204A37 /* FitBod-CodingSample-SadieContiniTests */ = {
			isa = PBXNativeTarget;
			buildConfigurationList = 5A2A2FAF1FECB45200204A37 /* Build configuration list for PBXNativeTarget "FitBod-CodingSample-SadieContiniTests" */;
			buildPhases = (
				5A2A2F9F1FECB45200204A37 /* Sources */,
				5A2A2FA01FECB45200204A37 /* Frameworks */,
				5A2A2FA11FECB45200204A37 /* Resources */,
			);
			buildRules = (
			);
			dependencies = (
				5A2A2FA51FECB45200204A37 /* PBXTargetDependency */,
			);
			name = "FitBod-CodingSample-SadieContiniTests";
			productName = "FitBod-CodingSample-SadieContiniTests";
			productReference = 5A2A2FA31FECB45200204A37 /* FitBod-CodingSample-SadieContiniTests.xctest */;
			productType = "com.apple.product-type.bundle.unit-test";
		};
/* End PBXNativeTarget section */

/* Begin PBXProject section */
		5A2A2F871FECB45200204A37 /* Project object */ = {
			isa = PBXProject;
			attributes = {
				LastSwiftUpdateCheck = 0920;
				LastUpgradeCheck = 0920;
				ORGANIZATIONNAME = sadiecontini;
				TargetAttributes = {
					5A2A2F8E1FECB45200204A37 = {
						CreatedOnToolsVersion = 9.2;
						ProvisioningStyle = Automatic;
					};
					5A2A2FA21FECB45200204A37 = {
						CreatedOnToolsVersion = 9.2;
						ProvisioningStyle = Automatic;
						TestTargetID = 5A2A2F8E1FECB45200204A37;
					};
				};
			};
			buildConfigurationList = 5A2A2F8A1FECB45200204A37 /* Build configuration list for PBXProject "FitBod-CodingSample-SadieContini" */;
			compatibilityVersion = "Xcode 8.0";
			developmentRegion = en;
			hasScannedForEncodings = 0;
			knownRegions = (
				en,
				Base,
			);
			mainGroup = 5A2A2F861FECB45200204A37;
			productRefGroup = 5A2A2F901FECB45200204A37 /* Products */;
			projectDirPath = "";
			projectRoot = "";
			targets = (
				5A2A2F8E1FECB45200204A37 /* FitBod-CodingSample-SadieContini */,
				5A2A2FA21FECB45200204A37 /* FitBod-CodingSample-SadieContiniTests */,
			);
		};
/* End PBXProject section */

/* Begin PBXResourcesBuildPhase section */
		5A2A2F8D1FECB45200204A37 /* Resources */ = {
			isa = PBXResourcesBuildPhase;
			buildActionMask = 2147483647;
			files = (
				5A2A2FB71FECBB2000204A37 /* workoutData.txt in Resources */,
				5A2A2F9D1FECB45200204A37 /* LaunchScreen.storyboard in Resources */,
				5A2A2F9A1FECB45200204A37 /* Assets.xcassets in Resources */,
				5A2A2F981FECB45200204A37 /* Main.storyboard in Resources */,
				5A5CBB3E1FFA1705001B264B /* workoutDataTest.txt in Resources */,
				5A2A2FB31FECB5EB00204A37 /* ExerciseTileView.xib in Resources */,
			);
			runOnlyForDeploymentPostprocessing = 0;
		};
		5A2A2FA11FECB45200204A37 /* Resources */ = {
			isa = PBXResourcesBuildPhase;
			buildActionMask = 2147483647;
			files = (
			);
			runOnlyForDeploymentPostprocessing = 0;
		};
/* End PBXResourcesBuildPhase section */

/* Begin PBXShellScriptBuildPhase section */
		5AB60B51200047C5004B239E /* ShellScript */ = {
			isa = PBXShellScriptBuildPhase;
			buildActionMask = 2147483647;
			files = (
			);
			inputPaths = (
				"$(SRCROOT)/Carthage/Build/iOS/Charts.framework",
			);
			outputPaths = (
			);
			runOnlyForDeploymentPostprocessing = 0;
			shellPath = /bin/sh;
			shellScript = "/usr/local/bin/carthage copy-frameworks";
		};
/* End PBXShellScriptBuildPhase section */

/* Begin PBXSourcesBuildPhase section */
		5A2A2F8B1FECB45200204A37 /* Sources */ = {
			isa = PBXSourcesBuildPhase;
			buildActionMask = 2147483647;
			files = (
				5A5CBB3A1FF9F794001B264B /* BaseReusableXibView.swift in Sources */,
				5A2A2F951FECB45200204A37 /* ExerciseTableVC.swift in Sources */,
				5A2A2FB91FECBB5A00204A37 /* DataManager.swift in Sources */,
				5A2A2FB51FECB60C00204A37 /* ExerciseTileView.swift in Sources */,
				5A5CBB351FF97D86001B264B /* ExerciseDetailVC.swift in Sources */,
				5AB60B542000522D004B239E /* ChartView.swift in Sources */,
				5A5CBB371FF9AB2A001B264B /* ExerciseTableCell.swift in Sources */,
				5A2A2FBB1FECBDF400204A37 /* Exercise.swift in Sources */,
				5A2A2F931FECB45200204A37 /* AppDelegate.swift in Sources */,
			);
			runOnlyForDeploymentPostprocessing = 0;
		};
		5A2A2F9F1FECB45200204A37 /* Sources */ = {
			isa = PBXSourcesBuildPhase;
			buildActionMask = 2147483647;
			files = (
				5A5CBB3F1FFA177E001B264B /* DataManager.swift in Sources */,
				5A5CBB3C1FFA16EE001B264B /* DataManagerTest.swift in Sources */,
				5A5CBB401FFA1A52001B264B /* Exercise.swift in Sources */,
				5AB60B5B20005AC1004B239E /* TestExerciseFactory.swift in Sources */,
				5A5CBB441FFC7D04001B264B /* ExerciseTest.swift in Sources */,
				5AB60B5920005A3A004B239E /* ChartViewTests.swift in Sources */,
				5AB60B5C2002AB3D004B239E /* ChartView.swift in Sources */,
			);
			runOnlyForDeploymentPostprocessing = 0;
		};
/* End PBXSourcesBuildPhase section */

/* Begin PBXTargetDependency section */
		5A2A2FA51FECB45200204A37 /* PBXTargetDependency */ = {
			isa = PBXTargetDependency;
			target = 5A2A2F8E1FECB45200204A37 /* FitBod-CodingSample-SadieContini */;
			targetProxy = 5A2A2FA41FECB45200204A37 /* PBXContainerItemProxy */;
		};
/* End PBXTargetDependency section */

/* Begin PBXVariantGroup section */
		5A2A2F961FECB45200204A37 /* Main.storyboard */ = {
			isa = PBXVariantGroup;
			children = (
				5A2A2F971FECB45200204A37 /* Base */,
			);
			name = Main.storyboard;
			sourceTree = "<group>";
		};
		5A2A2F9B1FECB45200204A37 /* LaunchScreen.storyboard */ = {
			isa = PBXVariantGroup;
			children = (
				5A2A2F9C1FECB45200204A37 /* Base */,
			);
			name = LaunchScreen.storyboard;
			sourceTree = "<group>";
		};
/* End PBXVariantGroup section */

/* Begin XCBuildConfiguration section */
		5A2A2FAA1FECB45200204A37 /* Debug */ = {
			isa = XCBuildConfiguration;
			buildSettings = {
				ALWAYS_SEARCH_USER_PATHS = NO;
				CLANG_ANALYZER_NONNULL = YES;
				CLANG_ANALYZER_NUMBER_OBJECT_CONVERSION = YES_AGGRESSIVE;
				CLANG_CXX_LANGUAGE_STANDARD = "gnu++14";
				CLANG_CXX_LIBRARY = "libc++";
				CLANG_ENABLE_MODULES = YES;
				CLANG_ENABLE_OBJC_ARC = YES;
				CLANG_WARN_BLOCK_CAPTURE_AUTORELEASING = YES;
				CLANG_WARN_BOOL_CONVERSION = YES;
				CLANG_WARN_COMMA = YES;
				CLANG_WARN_CONSTANT_CONVERSION = YES;
				CLANG_WARN_DIRECT_OBJC_ISA_USAGE = YES_ERROR;
				CLANG_WARN_DOCUMENTATION_COMMENTS = YES;
				CLANG_WARN_EMPTY_BODY = YES;
				CLANG_WARN_ENUM_CONVERSION = YES;
				CLANG_WARN_INFINITE_RECURSION = YES;
				CLANG_WARN_INT_CONVERSION = YES;
				CLANG_WARN_NON_LITERAL_NULL_CONVERSION = YES;
				CLANG_WARN_OBJC_LITERAL_CONVERSION = YES;
				CLANG_WARN_OBJC_ROOT_CLASS = YES_ERROR;
				CLANG_WARN_RANGE_LOOP_ANALYSIS = YES;
				CLANG_WARN_STRICT_PROTOTYPES = YES;
				CLANG_WARN_SUSPICIOUS_MOVE = YES;
				CLANG_WARN_UNGUARDED_AVAILABILITY = YES_AGGRESSIVE;
				CLANG_WARN_UNREACHABLE_CODE = YES;
				CLANG_WARN__DUPLICATE_METHOD_MATCH = YES;
				CODE_SIGN_IDENTITY = "iPhone Developer";
				COPY_PHASE_STRIP = NO;
				DEBUG_INFORMATION_FORMAT = dwarf;
				ENABLE_STRICT_OBJC_MSGSEND = YES;
				ENABLE_TESTABILITY = YES;
				GCC_C_LANGUAGE_STANDARD = gnu11;
				GCC_DYNAMIC_NO_PIC = NO;
				GCC_NO_COMMON_BLOCKS = YES;
				GCC_OPTIMIZATION_LEVEL = 0;
				GCC_PREPROCESSOR_DEFINITIONS = (
					"DEBUG=1",
					"$(inherited)",
				);
				GCC_WARN_64_TO_32_BIT_CONVERSION = YES;
				GCC_WARN_ABOUT_RETURN_TYPE = YES_ERROR;
				GCC_WARN_UNDECLARED_SELECTOR = YES;
				GCC_WARN_UNINITIALIZED_AUTOS = YES_AGGRESSIVE;
				GCC_WARN_UNUSED_FUNCTION = YES;
				GCC_WARN_UNUSED_VARIABLE = YES;
				IPHONEOS_DEPLOYMENT_TARGET = 11.2;
				MTL_ENABLE_DEBUG_INFO = YES;
				ONLY_ACTIVE_ARCH = YES;
				SDKROOT = iphoneos;
				SWIFT_ACTIVE_COMPILATION_CONDITIONS = DEBUG;
				SWIFT_OPTIMIZATION_LEVEL = "-Onone";
			};
			name = Debug;
		};
		5A2A2FAB1FECB45200204A37 /* Release */ = {
			isa = XCBuildConfiguration;
			buildSettings = {
				ALWAYS_SEARCH_USER_PATHS = NO;
				CLANG_ANALYZER_NONNULL = YES;
				CLANG_ANALYZER_NUMBER_OBJECT_CONVERSION = YES_AGGRESSIVE;
				CLANG_CXX_LANGUAGE_STANDARD = "gnu++14";
				CLANG_CXX_LIBRARY = "libc++";
				CLANG_ENABLE_MODULES = YES;
				CLANG_ENABLE_OBJC_ARC = YES;
				CLANG_WARN_BLOCK_CAPTURE_AUTORELEASING = YES;
				CLANG_WARN_BOOL_CONVERSION = YES;
				CLANG_WARN_COMMA = YES;
				CLANG_WARN_CONSTANT_CONVERSION = YES;
				CLANG_WARN_DIRECT_OBJC_ISA_USAGE = YES_ERROR;
				CLANG_WARN_DOCUMENTATION_COMMENTS = YES;
				CLANG_WARN_EMPTY_BODY = YES;
				CLANG_WARN_ENUM_CONVERSION = YES;
				CLANG_WARN_INFINITE_RECURSION = YES;
				CLANG_WARN_INT_CONVERSION = YES;
				CLANG_WARN_NON_LITERAL_NULL_CONVERSION = YES;
				CLANG_WARN_OBJC_LITERAL_CONVERSION = YES;
				CLANG_WARN_OBJC_ROOT_CLASS = YES_ERROR;
				CLANG_WARN_RANGE_LOOP_ANALYSIS = YES;
				CLANG_WARN_STRICT_PROTOTYPES = YES;
				CLANG_WARN_SUSPICIOUS_MOVE = YES;
				CLANG_WARN_UNGUARDED_AVAILABILITY = YES_AGGRESSIVE;
				CLANG_WARN_UNREACHABLE_CODE = YES;
				CLANG_WARN__DUPLICATE_METHOD_MATCH = YES;
				CODE_SIGN_IDENTITY = "iPhone Developer";
				COPY_PHASE_STRIP = NO;
				DEBUG_INFORMATION_FORMAT = "dwarf-with-dsym";
				ENABLE_NS_ASSERTIONS = NO;
				ENABLE_STRICT_OBJC_MSGSEND = YES;
				GCC_C_LANGUAGE_STANDARD = gnu11;
				GCC_NO_COMMON_BLOCKS = YES;
				GCC_WARN_64_TO_32_BIT_CONVERSION = YES;
				GCC_WARN_ABOUT_RETURN_TYPE = YES_ERROR;
				GCC_WARN_UNDECLARED_SELECTOR = YES;
				GCC_WARN_UNINITIALIZED_AUTOS = YES_AGGRESSIVE;
				GCC_WARN_UNUSED_FUNCTION = YES;
				GCC_WARN_UNUSED_VARIABLE = YES;
				IPHONEOS_DEPLOYMENT_TARGET = 11.2;
				MTL_ENABLE_DEBUG_INFO = NO;
				SDKROOT = iphoneos;
				SWIFT_OPTIMIZATION_LEVEL = "-Owholemodule";
				VALIDATE_PRODUCT = YES;
			};
			name = Release;
		};
		5A2A2FAD1FECB45200204A37 /* Debug */ = {
			isa = XCBuildConfiguration;
			buildSettings = {
				ASSETCATALOG_COMPILER_APPICON_NAME = AppIcon;
				CODE_SIGN_STYLE = Automatic;
				DEVELOPMENT_TEAM = KXRTMMS4GE;
				FRAMEWORK_SEARCH_PATHS = (
					"$(inherited)",
					"$(PROJECT_DIR)/Carthage/Build/iOS",
				);
				INFOPLIST_FILE = "FitBod-CodingSample-SadieContini/Info.plist";
				LD_RUNPATH_SEARCH_PATHS = "$(inherited) @executable_path/Frameworks";
				PRODUCT_BUNDLE_IDENTIFIER = "com.sadiecontini.FitBod-CodingSample-SadieContini";
				PRODUCT_NAME = "$(TARGET_NAME)";
				SWIFT_VERSION = 4.0;
				TARGETED_DEVICE_FAMILY = "1,2";
			};
			name = Debug;
		};
		5A2A2FAE1FECB45200204A37 /* Release */ = {
			isa = XCBuildConfiguration;
			buildSettings = {
				ASSETCATALOG_COMPILER_APPICON_NAME = AppIcon;
				CODE_SIGN_STYLE = Automatic;
				DEVELOPMENT_TEAM = KXRTMMS4GE;
				FRAMEWORK_SEARCH_PATHS = (
					"$(inherited)",
					"$(PROJECT_DIR)/Carthage/Build/iOS",
				);
				INFOPLIST_FILE = "FitBod-CodingSample-SadieContini/Info.plist";
				LD_RUNPATH_SEARCH_PATHS = "$(inherited) @executable_path/Frameworks";
				PRODUCT_BUNDLE_IDENTIFIER = "com.sadiecontini.FitBod-CodingSample-SadieContini";
				PRODUCT_NAME = "$(TARGET_NAME)";
				SWIFT_VERSION = 4.0;
				TARGETED_DEVICE_FAMILY = "1,2";
			};
			name = Release;
		};
		5A2A2FB01FECB45200204A37 /* Debug */ = {
			isa = XCBuildConfiguration;
			buildSettings = {
				ALWAYS_EMBED_SWIFT_STANDARD_LIBRARIES = YES;
				BUNDLE_LOADER = "$(TEST_HOST)";
				CODE_SIGN_STYLE = Automatic;
				DEVELOPMENT_TEAM = KXRTMMS4GE;
				FRAMEWORK_SEARCH_PATHS = (
					"$(inherited)",
					"$(PROJECT_DIR)/Carthage/Build/iOS",
				);
				INFOPLIST_FILE = "FitBod-CodingSample-SadieContiniTests/Info.plist";
				LD_RUNPATH_SEARCH_PATHS = "$(inherited) @executable_path/Frameworks @loader_path/Frameworks";
				PRODUCT_BUNDLE_IDENTIFIER = "com.sadiecontini.FitBod-CodingSample-SadieContiniTests";
				PRODUCT_NAME = "$(TARGET_NAME)";
				SWIFT_VERSION = 4.0;
				TARGETED_DEVICE_FAMILY = "1,2";
				TEST_HOST = "$(BUILT_PRODUCTS_DIR)/FitBod-CodingSample-SadieContini.app/FitBod-CodingSample-SadieContini";
			};
			name = Debug;
		};
		5A2A2FB11FECB45200204A37 /* Release */ = {
			isa = XCBuildConfiguration;
			buildSettings = {
				ALWAYS_EMBED_SWIFT_STANDARD_LIBRARIES = YES;
				BUNDLE_LOADER = "$(TEST_HOST)";
				CODE_SIGN_STYLE = Automatic;
				DEVELOPMENT_TEAM = KXRTMMS4GE;
				FRAMEWORK_SEARCH_PATHS = (
					"$(inherited)",
					"$(PROJECT_DIR)/Carthage/Build/iOS",
				);
				INFOPLIST_FILE = "FitBod-CodingSample-SadieContiniTests/Info.plist";
				LD_RUNPATH_SEARCH_PATHS = "$(inherited) @executable_path/Frameworks @loader_path/Frameworks";
				PRODUCT_BUNDLE_IDENTIFIER = "com.sadiecontini.FitBod-CodingSample-SadieContiniTests";
				PRODUCT_NAME = "$(TARGET_NAME)";
				SWIFT_VERSION = 4.0;
				TARGETED_DEVICE_FAMILY = "1,2";
				TEST_HOST = "$(BUILT_PRODUCTS_DIR)/FitBod-CodingSample-SadieContini.app/FitBod-CodingSample-SadieContini";
			};
			name = Release;
		};
/* End XCBuildConfiguration section */

/* Begin XCConfigurationList section */
		5A2A2F8A1FECB45200204A37 /* Build configuration list for PBXProject "FitBod-CodingSample-SadieContini" */ = {
			isa = XCConfigurationList;
			buildConfigurations = (
				5A2A2FAA1FECB45200204A37 /* Debug */,
				5A2A2FAB1FECB45200204A37 /* Release */,
			);
			defaultConfigurationIsVisible = 0;
			defaultConfigurationName = Release;
		};
		5A2A2FAC1FECB45200204A37 /* Build configuration list for PBXNativeTarget "FitBod-CodingSample-SadieContini" */ = {
			isa = XCConfigurationList;
			buildConfigurations = (
				5A2A2FAD1FECB45200204A37 /* Debug */,
				5A2A2FAE1FECB45200204A37 /* Release */,
			);
			defaultConfigurationIsVisible = 0;
			defaultConfigurationName = Release;
		};
		5A2A2FAF1FECB45200204A37 /* Build configuration list for PBXNativeTarget "FitBod-CodingSample-SadieContiniTests" */ = {
			isa = XCConfigurationList;
			buildConfigurations = (
				5A2A2FB01FECB45200204A37 /* Debug */,
				5A2A2FB11FECB45200204A37 /* Release */,
			);
			defaultConfigurationIsVisible = 0;
			defaultConfigurationName = Release;
		};
/* End XCConfigurationList section */
	};
	rootObject = 5A2A2F871FECB45200204A37 /* Project object */;
}
